
Microsoft Visual Studio Solution File, Format Version 12.00
# Visual Studio Version 17
VisualStudioVersion = 17.9.34728.123
MinimumVisualStudioVersion = 10.0.40219.1
Project("{9A19103F-16F7-4668-BE54-9A1E7A4F7556}") = "ServiceApp", "ServiceApp\ServiceApp.csproj", "{7763941E-AE54-40C9-B731-C409A7A6ED15}"
EndProject
Project("{FAE04EC0-301F-11D3-BF4B-00C04F79EFBC}") = "TestProject1", "TestProject1\TestProject1.csproj", "{0B1A2065-B50D-49F1-86A7-5D8C0E0B2BA2}"
EndProject
Project("{FAE04EC0-301F-11D3-BF4B-00C04F79EFBC}") = "HH.Core", "HH.Core\HH.Core.csproj", "{6428A0EC-04AD-43C5-BB43-A45B0BE8A47E}"
EndProject
Global
	GlobalSection(SolutionConfigurationPlatforms) = preSolution
		Debug|Any CPU = Debug|Any CPU
		Release|Any CPU = Release|Any CPU
	EndGlobalSection
	GlobalSection(ProjectConfigurationPlatforms) = postSolution
		{7763941E-AE54-40C9-B731-C409A7A6ED15}.Debug|Any CPU.ActiveCfg = Debug|Any CPU
		{7763941E-AE54-40C9-B731-C409A7A6ED15}.Debug|Any CPU.Build.0 = Debug|Any CPU
		{7763941E-AE54-40C9-B731-C409A7A6ED15}.Release|Any CPU.ActiveCfg = Release|Any CPU
		{7763941E-AE54-40C9-B731-C409A7A6ED15}.Release|Any CPU.Build.0 = Release|Any CPU
		{0B1A2065-B50D-49F1-86A7-5D8C0E0B2BA2}.Debug|Any CPU.ActiveCfg = Debug|Any CPU
		{0B1A2065-B50D-49F1-86A7-5D8C0E0B2BA2}.Debug|Any CPU.Build.0 = Debug|Any CPU
		{0B1A2065-B50D-49F1-86A7-5D8C0E0B2BA2}.Release|Any CPU.ActiveCfg = Release|Any CPU
		{0B1A2065-B50D-49F1-86A7-5D8C0E0B2BA2}.Release|Any CPU.Build.0 = Release|Any CPU
		{6428A0EC-04AD-43C5-BB43-A45B0BE8A47E}.Debug|Any CPU.ActiveCfg = Debug|Any CPU
		{6428A0EC-04AD-43C5-BB43-A45B0BE8A47E}.Debug|Any CPU.Build.0 = Debug|Any CPU
		{6428A0EC-04AD-43C5-BB43-A45B0BE8A47E}.Release|Any CPU.ActiveCfg = Release|Any CPU
		{6428A0EC-04AD-43C5-BB43-A45B0BE8A47E}.Release|Any CPU.Build.0 = Release|Any CPU
	EndGlobalSection
	GlobalSection(SolutionProperties) = preSolution
		HideSolutionNode = FALSE
	EndGlobalSection
	GlobalSection(ExtensibilityGlobals) = postSolution
		SolutionGuid = {EF82317A-B7D4-4373-9A62-C68CE92929D1}
	EndGlobalSection
EndGlobal
